
Microsoft Visual Studio Solution File, Format Version 12.00
# Visual Studio Version 17
VisualStudioVersion = 17.8.34511.84
MinimumVisualStudioVersion = 10.0.40219.1
Project("{FAE04EC0-301F-11D3-BF4B-00C04F79EFBC}") = "TestWebAppHelperFunctions", "TestWebAppHelperFunctions.csproj", "{D8BB38B3-0297-4338-8B14-2CEDE9B66966}"
EndProject
Project("{9A19103F-16F7-4668-BE54-9A1E7A4F7556}") = "EarwormWebApp", "..\..\EarwormWebApp\EarwormWebApp.csproj", "{6677BD98-8E6A-45C2-A831-4540DE0777ED}"
EndProject
Global
	GlobalSection(SolutionConfigurationPlatforms) = preSolution
		Debug|Any CPU = Debug|Any CPU
		Release|Any CPU = Release|Any CPU
	EndGlobalSection
	GlobalSection(ProjectConfigurationPlatforms) = postSolution
		{D8BB38B3-0297-4338-8B14-2CEDE9B66966}.Debug|Any CPU.ActiveCfg = Debug|Any CPU
		{D8BB38B3-0297-4338-8B14-2CEDE9B66966}.Debug|Any CPU.Build.0 = Debug|Any CPU
		{D8BB38B3-0297-4338-8B14-2CEDE9B66966}.Release|Any CPU.ActiveCfg = Release|Any CPU
		{D8BB38B3-0297-4338-8B14-2CEDE9B66966}.Release|Any CPU.Build.0 = Release|Any CPU
		{6677BD98-8E6A-45C2-A831-4540DE0777ED}.Debug|Any CPU.ActiveCfg = Debug|Any CPU
		{6677BD98-8E6A-45C2-A831-4540DE0777ED}.Debug|Any CPU.Build.0 = Debug|Any CPU
		{6677BD98-8E6A-45C2-A831-4540DE0777ED}.Release|Any CPU.ActiveCfg = Release|Any CPU
		{6677BD98-8E6A-45C2-A831-4540DE0777ED}.Release|Any CPU.Build.0 = Release|Any CPU
	EndGlobalSection
	GlobalSection(SolutionProperties) = preSolution
		HideSolutionNode = FALSE
	EndGlobalSection
	GlobalSection(ExtensibilityGlobals) = postSolution
		SolutionGuid = {D672E49D-8917-451E-B2D9-72951F104FDA}
	EndGlobalSection
EndGlobal
