
Microsoft Visual Studio Solution File, Format Version 12.00
# Visual Studio Version 17
VisualStudioVersion = 17.8.34511.84
MinimumVisualStudioVersion = 10.0.40219.1
Project("{9A19103F-16F7-4668-BE54-9A1E7A4F7556}") = "EarwormWebApp", "EarwormWebApp.csproj", "{69440E57-FCF9-42C8-A8AF-77C25C7526EF}"
EndProject
Project("{9A19103F-16F7-4668-BE54-9A1E7A4F7556}") = "MusicLookupClientProxy", "..\MusicLookupClientProxy\MusicLookupClientProxy.csproj", "{147FEB54-B9B9-4285-BD03-E6DEEECE78E4}"
EndProject
Global
	GlobalSection(SolutionConfigurationPlatforms) = preSolution
		Debug|Any CPU = Debug|Any CPU
		Release|Any CPU = Release|Any CPU
	EndGlobalSection
	GlobalSection(ProjectConfigurationPlatforms) = postSolution
		{69440E57-FCF9-42C8-A8AF-77C25C7526EF}.Debug|Any CPU.ActiveCfg = Debug|Any CPU
		{69440E57-FCF9-42C8-A8AF-77C25C7526EF}.Debug|Any CPU.Build.0 = Debug|Any CPU
		{69440E57-FCF9-42C8-A8AF-77C25C7526EF}.Release|Any CPU.ActiveCfg = Release|Any CPU
		{69440E57-FCF9-42C8-A8AF-77C25C7526EF}.Release|Any CPU.Build.0 = Release|Any CPU
		{147FEB54-B9B9-4285-BD03-E6DEEECE78E4}.Debug|Any CPU.ActiveCfg = Debug|Any CPU
		{147FEB54-B9B9-4285-BD03-E6DEEECE78E4}.Debug|Any CPU.Build.0 = Debug|Any CPU
		{147FEB54-B9B9-4285-BD03-E6DEEECE78E4}.Release|Any CPU.ActiveCfg = Release|Any CPU
		{147FEB54-B9B9-4285-BD03-E6DEEECE78E4}.Release|Any CPU.Build.0 = Release|Any CPU
	EndGlobalSection
	GlobalSection(SolutionProperties) = preSolution
		HideSolutionNode = FALSE
	EndGlobalSection
	GlobalSection(ExtensibilityGlobals) = postSolution
		SolutionGuid = {E527973D-EEF1-4532-9777-4F8550FED769}
	EndGlobalSection
EndGlobal
